
Microsoft Visual Studio Solution File, Format Version 12.00
# Visual Studio 15
VisualStudioVersion = 15.0.28010.2016
MinimumVisualStudioVersion = 10.0.40219.1
Project("{FAE04EC0-301F-11D3-BF4B-00C04F79EFBC}") = "AcrylicWindow", "AcrylicWindow\AcrylicWindow.csproj", "{1029A5A4-C827-4F1C-ADBB-474C953E03ED}"
EndProject
Global
	GlobalSection(SolutionConfigurationPlatforms) = preSolution
		Debug|Any CPU = Debug|Any CPU
		Release|Any CPU = Release|Any CPU
	EndGlobalSection
	GlobalSection(ProjectConfigurationPlatforms) = postSolution
		{1029A5A4-C827-4F1C-ADBB-474C953E03ED}.Debug|Any CPU.ActiveCfg = Debug|Any CPU
		{1029A5A4-C827-4F1C-ADBB-474C953E03ED}.Debug|Any CPU.Build.0 = Debug|Any CPU
		{1029A5A4-C827-4F1C-ADBB-474C953E03ED}.Release|Any CPU.ActiveCfg = Release|Any CPU
		{1029A5A4-C827-4F1C-ADBB-474C953E03ED}.Release|Any CPU.Build.0 = Release|Any CPU
	EndGlobalSection
	GlobalSection(SolutionProperties) = preSolution
		HideSolutionNode = FALSE
	EndGlobalSection
	GlobalSection(ExtensibilityGlobals) = postSolution
		SolutionGuid = {B90704FC-87E9-4084-97FB-98F9B8ECD365}
	EndGlobalSection
EndGlobal
